
Microsoft Visual Studio Solution File, Format Version 12.00
# Visual Studio Version 16
VisualStudioVersion = 16.0.30517.126
MinimumVisualStudioVersion = 10.0.40219.1
Project("{FAE04EC0-301F-11D3-BF4B-00C04F79EFBC}") = "Skaitykla.MVC", "Skaitykla.MVC\Skaitykla.MVC.csproj", "{A24C7296-D9EF-411E-9C97-D4CF99EE8EF2}"
EndProject
Global
	GlobalSection(SolutionConfigurationPlatforms) = preSolution
		Debug|Any CPU = Debug|Any CPU
		Release|Any CPU = Release|Any CPU
	EndGlobalSection
	GlobalSection(ProjectConfigurationPlatforms) = postSolution
		{A24C7296-D9EF-411E-9C97-D4CF99EE8EF2}.Debug|Any CPU.ActiveCfg = Debug|Any CPU
		{A24C7296-D9EF-411E-9C97-D4CF99EE8EF2}.Debug|Any CPU.Build.0 = Debug|Any CPU
		{A24C7296-D9EF-411E-9C97-D4CF99EE8EF2}.Release|Any CPU.ActiveCfg = Release|Any CPU
		{A24C7296-D9EF-411E-9C97-D4CF99EE8EF2}.Release|Any CPU.Build.0 = Release|Any CPU
	EndGlobalSection
	GlobalSection(SolutionProperties) = preSolution
		HideSolutionNode = FALSE
	EndGlobalSection
	GlobalSection(ExtensibilityGlobals) = postSolution
		SolutionGuid = {62C56B37-904E-4C1C-8552-D0E8F9EFD943}
	EndGlobalSection
EndGlobal
